
Microsoft Visual Studio Solution File, Format Version 12.00
Project("{FAE04EC0-301F-11D3-BF4B-00C04F79EFBC}") = "Crm.WebApi", "Crm.WebApi\Crm.WebApi.csproj", "{01D70439-6322-4262-8220-92AFBA766930}"
EndProject
Global
	GlobalSection(SolutionConfigurationPlatforms) = preSolution
		Debug|Any CPU = Debug|Any CPU
		Release|Any CPU = Release|Any CPU
	EndGlobalSection
	GlobalSection(ProjectConfigurationPlatforms) = postSolution
		{01D70439-6322-4262-8220-92AFBA766930}.Debug|Any CPU.ActiveCfg = Debug|Any CPU
		{01D70439-6322-4262-8220-92AFBA766930}.Debug|Any CPU.Build.0 = Debug|Any CPU
		{01D70439-6322-4262-8220-92AFBA766930}.Release|Any CPU.ActiveCfg = Release|Any CPU
		{01D70439-6322-4262-8220-92AFBA766930}.Release|Any CPU.Build.0 = Release|Any CPU
	EndGlobalSection
EndGlobal
